
Microsoft Visual Studio Solution File, Format Version 12.00
# Visual Studio 14
VisualStudioVersion = 14.0.25123.0
MinimumVisualStudioVersion = 10.0.40219.1
Project("{FAE04EC0-301F-11D3-BF4B-00C04F79EFBC}") = "DiscountCalculator_UnitTests", "DiscountCalculator_UnitTests\DiscountCalculator_UnitTests.csproj", "{F63149BF-25F3-4310-86A8-B933D84D01FD}"
EndProject
Project("{FAE04EC0-301F-11D3-BF4B-00C04F79EFBC}") = "Calculator", "DiscountCalculator\Calculator.csproj", "{97BCE49F-77A6-4943-AEE8-F0B1408E00DA}"
EndProject
Global
	GlobalSection(SolutionConfigurationPlatforms) = preSolution
		Debug|Any CPU = Debug|Any CPU
		Release|Any CPU = Release|Any CPU
	EndGlobalSection
	GlobalSection(ProjectConfigurationPlatforms) = postSolution
		{F63149BF-25F3-4310-86A8-B933D84D01FD}.Debug|Any CPU.ActiveCfg = Debug|Any CPU
		{F63149BF-25F3-4310-86A8-B933D84D01FD}.Debug|Any CPU.Build.0 = Debug|Any CPU
		{F63149BF-25F3-4310-86A8-B933D84D01FD}.Release|Any CPU.ActiveCfg = Release|Any CPU
		{F63149BF-25F3-4310-86A8-B933D84D01FD}.Release|Any CPU.Build.0 = Release|Any CPU
		{97BCE49F-77A6-4943-AEE8-F0B1408E00DA}.Debug|Any CPU.ActiveCfg = Debug|Any CPU
		{97BCE49F-77A6-4943-AEE8-F0B1408E00DA}.Debug|Any CPU.Build.0 = Debug|Any CPU
		{97BCE49F-77A6-4943-AEE8-F0B1408E00DA}.Release|Any CPU.ActiveCfg = Release|Any CPU
		{97BCE49F-77A6-4943-AEE8-F0B1408E00DA}.Release|Any CPU.Build.0 = Release|Any CPU
	EndGlobalSection
	GlobalSection(SolutionProperties) = preSolution
		HideSolutionNode = FALSE
	EndGlobalSection
EndGlobal
